{
  "meteor": {},
  "dependencies": {
    "basePackages": {
      "iron-router": {},
      "spin": {},
      "accounts-ui-bootstrap-dropdown": {},
      "bootstrap3-less": {},
      "dimsum": {},
      "iron-transitioner": {},
      "marked": {}
    },
    "packages": {
      "iron-router": {
        "git": "https://github.com/EventedMind/iron-router.git",
        "tag": "v0.8.2",
        "commit": "05415a8891ea87a00fb1e2388585f2ca5a38e0da"
      },
      "spin": {
        "git": "https://github.com/SachaG/meteor-spin.git",
        "tag": "v2.0.4",
        "commit": "f7b1e12a7caff1283cdb3671a393c182d0ae9862"
      },
      "accounts-ui-bootstrap-dropdown": {
        "git": "https://github.com/erobit/meteor-accounts-ui-bootstrap-dropdown.git",
        "tag": "v0.8.3",
        "commit": "a7af8a52e4e74db020a69b158a8f992797b8b0b0"
      },
      "bootstrap3-less": {
        "git": "https://github.com/simison/bootstrap3-less",
        "tag": "v0.2.1",
        "commit": "dc94a51ed00d7de6d6f2b6d65107a876d849ad61"
      },
      "dimsum": {
        "git": "https://github.com/peerlibrary/meteor-dimsum.git",
        "tag": "v0.1.8-4",
        "commit": "cc695d2ec7affa6219561f088ddc0ab4fa574921"
      },
      "iron-transitioner": {
        "git": "https://github.com/percolatestudio/iron-transitioner.git",
        "tag": "v0.1.0",
        "commit": "4a5db7d9c7e212d8784b86aa833334e619bb4bd3"
      },
      "marked": {
        "git": "https://github.com/chuangbo/meteor-marked.git",
        "tag": "v0.3.3",
        "commit": "a0966771f9108835755368d0879429675d7e0db4"
      },
      "iron-layout": {
        "git": "https://github.com/EventedMind/iron-layout.git",
        "tag": "v0.2.0",
        "commit": "4a2d53e35ba036b0c189c7ceca34be494d4c6c97"
      },
      "blaze-layout": {
        "git": "https://github.com/EventedMind/blaze-layout.git",
        "tag": "v0.2.5",
        "commit": "273e3ab7d005d91a1a59c71bd224533b4dae2fbd"
      },
      "iron-core": {
        "git": "https://github.com/EventedMind/iron-core.git",
        "tag": "v0.2.0",
        "commit": "0e48b5dc50d03f01025b7b900fb5ce2f13d52cad"
      },
      "iron-dynamic-template": {
        "git": "https://github.com/EventedMind/iron-dynamic-template.git",
        "tag": "v0.2.1",
        "commit": "4dd1185c4d9d616c9abdb3f33e4a7d5a88db7e18"
      }
    }
  }
}
